<?xml version="1.0" encoding="utf-8"?>
<Project ToolsVersion="4.0" xmlns="http://schemas.microsoft.com/developer/msbuild/2003">
  <ItemGroup>
    <Filter Include="win32">
      <UniqueIdentifier>{84a8ebd7-7cf0-47f6-b75e-d441df67da40}</UniqueIdentifier>
    </Filter>
    <Filter Include="resource">
      <UniqueIdentifier>{715254bc-d70b-4ec5-bf29-467dd3ace079}</UniqueIdentifier>
    </Filter>
    <Filter Include="Classes">
      <UniqueIdentifier>{1bf35562-2d3e-49f8-a2ed-cddb6c06c898}</UniqueIdentifier>
    </Filter>
    <Filter Include="Classes\Common">
      <UniqueIdentifier>{68f441f3-8e41-47ba-b14c-5d1d47130ac4}</UniqueIdentifier>
    </Filter>
    <Filter Include="Classes\network">
      <UniqueIdentifier>{1cb22c89-f3db-4f38-8e18-899296c7df07}</UniqueIdentifier>
    </Filter>
    <Filter Include="Classes\netjson">
      <UniqueIdentifier>{84f33154-4ade-446f-9dd2-dfb8e0a2098d}</UniqueIdentifier>
    </Filter>
    <Filter Include="Classes\Logo">
      <UniqueIdentifier>{2c77f267-7e6f-4533-b833-cf4c9ea3a2e1}</UniqueIdentifier>
    </Filter>
    <Filter Include="Classes\cryptopp">
      <UniqueIdentifier>{3f2b96d2-f6d3-4067-82cc-3dd9be2aa2fa}</UniqueIdentifier>
    </Filter>
    <Filter Include="Classes\cc">
      <UniqueIdentifier>{63a0bb79-1619-4915-8fa5-55de6ecb7b5b}</UniqueIdentifier>
    </Filter>
    <Filter Include="Classes\http">
      <UniqueIdentifier>{b8d8a3ca-bffe-4720-afb8-e0386105df39}</UniqueIdentifier>
    </Filter>
    <Filter Include="Classes\proto">
      <UniqueIdentifier>{2d11dbb5-7b58-486c-ae2b-a70206381bbe}</UniqueIdentifier>
    </Filter>
    <Filter Include="Classes\Main">
      <UniqueIdentifier>{fb928aa4-1062-47e6-b912-924b3ab72760}</UniqueIdentifier>
    </Filter>
    <Filter Include="Classes\config">
      <UniqueIdentifier>{2dca1329-6822-43d3-8892-8a79a8030657}</UniqueIdentifier>
    </Filter>
    <Filter Include="Classes\loading">
      <UniqueIdentifier>{2f15e93b-26f0-4e7d-bf70-4e21fabaedbb}</UniqueIdentifier>
    </Filter>
    <Filter Include="Classes\Jni">
      <UniqueIdentifier>{05e3696a-becd-4485-8b67-2f14197bbfb3}</UniqueIdentifier>
    </Filter>
    <Filter Include="Classes\Room">
      <UniqueIdentifier>{b8f18a36-e208-4843-8822-b6f58ee6a65e}</UniqueIdentifier>
    </Filter>
    <Filter Include="Classes\Login">
      <UniqueIdentifier>{90d9951b-ea40-4b95-a36c-82366bd0504b}</UniqueIdentifier>
    </Filter>
  </ItemGroup>
  <ItemGroup>
    <ClCompile Include="main.cpp">
      <Filter>win32</Filter>
    </ClCompile>
    <ClCompile Include="..\Classes\AppDelegate.cpp">
      <Filter>Classes</Filter>
    </ClCompile>
    <ClCompile Include="..\Classes\Common\Adaptation.cpp">
      <Filter>Classes\Common</Filter>
    </ClCompile>
    <ClCompile Include="..\Classes\Common\XXIconv.cpp">
      <Filter>Classes\Common</Filter>
    </ClCompile>
    <ClCompile Include="..\Classes\Common\GameDataSet.cpp">
      <Filter>Classes\Common</Filter>
    </ClCompile>
    <ClCompile Include="..\Classes\Common\EffectAnimation.cpp">
      <Filter>Classes\Common</Filter>
    </ClCompile>
    <ClCompile Include="..\Classes\network\XXHttpRequest.cpp">
      <Filter>Classes\network</Filter>
    </ClCompile>
    <ClCompile Include="..\Classes\Common\CDProgressTimer.cpp">
      <Filter>Classes\Common</Filter>
    </ClCompile>
    <ClCompile Include="..\Classes\netjson\json_reader.cpp">
      <Filter>Classes\netjson</Filter>
    </ClCompile>
    <ClCompile Include="..\Classes\netjson\json_value.cpp">
      <Filter>Classes\netjson</Filter>
    </ClCompile>
    <ClCompile Include="..\Classes\netjson\json_writer.cpp">
      <Filter>Classes\netjson</Filter>
    </ClCompile>
    <ClCompile Include="..\Classes\netjson\YMEvent.cpp">
      <Filter>Classes\netjson</Filter>
    </ClCompile>
    <ClCompile Include="..\Classes\netjson\YMSocketEvent.cpp">
      <Filter>Classes\netjson</Filter>
    </ClCompile>
    <ClCompile Include="..\Classes\Common\CircleMoveAction.cpp">
      <Filter>Classes\Common</Filter>
    </ClCompile>
    <ClCompile Include="..\Classes\Common\SpecialAction.cpp">
      <Filter>Classes\Common</Filter>
    </ClCompile>
    <ClCompile Include="..\Classes\Common\BaseLayer.cpp">
      <Filter>Classes\Common</Filter>
    </ClCompile>
    <ClCompile Include="..\Classes\Common\SpriteBlur.cpp">
      <Filter>Classes\Common</Filter>
    </ClCompile>
    <ClCompile Include="..\Classes\Common\MD55.cpp">
      <Filter>Classes\Common</Filter>
    </ClCompile>
    <ClCompile Include="..\Classes\cryptopp\aes_core.cpp">
      <Filter>Classes\cryptopp</Filter>
    </ClCompile>
    <ClCompile Include="..\Classes\cryptopp\crypto_utils.cpp">
      <Filter>Classes\cryptopp</Filter>
    </ClCompile>
    <ClCompile Include="..\Classes\cryptopp\crypto_wrapper.cpp">
      <Filter>Classes\cryptopp</Filter>
    </ClCompile>
    <ClCompile Include="..\Classes\cryptopp\libb64.cpp">
      <Filter>Classes\cryptopp</Filter>
    </ClCompile>
    <ClCompile Include="..\Classes\cryptopp\md5.cpp">
      <Filter>Classes\cryptopp</Filter>
    </ClCompile>
    <ClCompile Include="..\Classes\cryptopp\md6.cpp">
      <Filter>Classes\cryptopp</Filter>
    </ClCompile>
    <ClCompile Include="..\Classes\cryptopp\oslib.cpp">
      <Filter>Classes\cryptopp</Filter>
    </ClCompile>
    <ClCompile Include="..\Classes\cryptopp\xxfsutility.cpp">
      <Filter>Classes\cryptopp</Filter>
    </ClCompile>
    <ClCompile Include="..\Classes\cc\Login.cpp">
      <Filter>Classes\cc</Filter>
    </ClCompile>
    <ClCompile Include="..\Classes\network\ccEvent.cpp">
      <Filter>Classes\network</Filter>
    </ClCompile>
    <ClCompile Include="..\Classes\network\ClientSocket.cpp">
      <Filter>Classes\network</Filter>
    </ClCompile>
    <ClCompile Include="..\Classes\network\TcpSocket.cpp">
      <Filter>Classes\network</Filter>
    </ClCompile>
    <ClCompile Include="..\Classes\network\XXEventDispatcher.cpp">
      <Filter>Classes\network</Filter>
    </ClCompile>
    <ClCompile Include="..\Classes\http\HttpInfo.cpp">
      <Filter>Classes\http</Filter>
    </ClCompile>
    <ClCompile Include="..\Classes\proto\LoginInfo.cpp">
      <Filter>Classes\proto</Filter>
    </ClCompile>
    <ClCompile Include="..\Classes\Common\Common.cpp">
      <Filter>Classes\Common</Filter>
    </ClCompile>
    <ClCompile Include="..\Classes\GameControl.cpp">
      <Filter>Classes</Filter>
    </ClCompile>
    <ClCompile Include="..\Classes\Main\MainLayer.cpp">
      <Filter>Classes\Main</Filter>
    </ClCompile>
    <ClCompile Include="..\Classes\Main\MainScene.cpp">
      <Filter>Classes\Main</Filter>
    </ClCompile>
    <ClCompile Include="..\Classes\Main\UserInfoLayer.cpp">
      <Filter>Classes\Main</Filter>
    </ClCompile>
    <ClCompile Include="..\Classes\Main\SetLayer.cpp">
      <Filter>Classes\Main</Filter>
    </ClCompile>
    <ClCompile Include="..\Classes\Main\ShopLayer.cpp">
      <Filter>Classes\Main</Filter>
    </ClCompile>
    <ClCompile Include="..\Classes\Main\RankItemLayer.cpp">
      <Filter>Classes\Main</Filter>
    </ClCompile>
    <ClCompile Include="..\Classes\cc\Hall.cpp">
      <Filter>Classes\cc</Filter>
    </ClCompile>
    <ClCompile Include="..\Classes\Main\SignLayer.cpp">
      <Filter>Classes\Main</Filter>
    </ClCompile>
    <ClCompile Include="..\Classes\Main\FriendLayer.cpp">
      <Filter>Classes\Main</Filter>
    </ClCompile>
    <ClCompile Include="..\Classes\Main\FankuiLayer.cpp">
      <Filter>Classes\Main</Filter>
    </ClCompile>
    <ClCompile Include="..\Classes\Main\FreeLayer.cpp">
      <Filter>Classes\Main</Filter>
    </ClCompile>
    <ClCompile Include="..\Classes\Main\ExchangeLayer.cpp">
      <Filter>Classes\Main</Filter>
    </ClCompile>
    <ClCompile Include="..\Classes\Main\TaskLayer.cpp">
      <Filter>Classes\Main</Filter>
    </ClCompile>
    <ClCompile Include="..\Classes\Main\MailLayer.cpp">
      <Filter>Classes\Main</Filter>
    </ClCompile>
    <ClCompile Include="..\Classes\Main\ActiveLayer.cpp">
      <Filter>Classes\Main</Filter>
    </ClCompile>
    <ClCompile Include="..\Classes\Main\FirstChargeLayer.cpp">
      <Filter>Classes\Main</Filter>
    </ClCompile>
    <ClCompile Include="..\Classes\Main\AboutLayer.cpp">
      <Filter>Classes\Main</Filter>
    </ClCompile>
    <ClCompile Include="..\Classes\Main\HelpLayer.cpp">
      <Filter>Classes\Main</Filter>
    </ClCompile>
    <ClCompile Include="..\Classes\cc\Vo.cpp">
      <Filter>Classes\cc</Filter>
    </ClCompile>
    <ClCompile Include="..\Classes\proto\HallInfo.cpp">
      <Filter>Classes\proto</Filter>
    </ClCompile>
    <ClCompile Include="..\Classes\Common\WebViewCommom.cpp">
      <Filter>Classes\Common</Filter>
    </ClCompile>
    <ClCompile Include="..\Classes\Main\ChatLayer.cpp">
      <Filter>Classes\Main</Filter>
    </ClCompile>
    <ClCompile Include="..\Classes\Main\MailTipLayer.cpp">
      <Filter>Classes\Main</Filter>
    </ClCompile>
    <ClCompile Include="..\Classes\Main\RewardTipLayer.cpp">
      <Filter>Classes\Main</Filter>
    </ClCompile>
    <ClCompile Include="..\Classes\Common\RootRegister.cpp">
      <Filter>Classes\Common</Filter>
    </ClCompile>
    <ClCompile Include="..\Classes\config\JsonRegisterConfig.cpp">
      <Filter>Classes\config</Filter>
    </ClCompile>
    <ClCompile Include="..\Classes\loading\LoadingLayer.cpp">
      <Filter>Classes\loading</Filter>
    </ClCompile>
    <ClCompile Include="..\Classes\Jni\YLJni.cpp">
      <Filter>Classes\Jni</Filter>
    </ClCompile>
    <ClCompile Include="..\Classes\proto\ConfigInfo.cpp">
      <Filter>Classes\proto</Filter>
    </ClCompile>
    <ClCompile Include="..\Classes\cc\ConfigProto.cpp">
      <Filter>Classes\cc</Filter>
    </ClCompile>
    <ClCompile Include="..\Classes\PhotoDown.cpp">
      <Filter>Classes</Filter>
    </ClCompile>
    <ClCompile Include="..\Classes\Room\CreateRoomLayer.cpp">
      <Filter>Classes\Room</Filter>
    </ClCompile>
    <ClCompile Include="..\Classes\Room\JoinRoomLayer.cpp">
      <Filter>Classes\Room</Filter>
    </ClCompile>
    <ClCompile Include="..\Classes\Room\GameHead.cpp">
      <Filter>Classes\Room</Filter>
    </ClCompile>
    <ClCompile Include="..\Classes\Room\GameUI.cpp">
      <Filter>Classes\Room</Filter>
    </ClCompile>
    <ClCompile Include="..\Classes\Room\MJGameLayer.cpp">
      <Filter>Classes\Room</Filter>
    </ClCompile>
    <ClCompile Include="..\Classes\Room\MJGameScene.cpp">
      <Filter>Classes\Room</Filter>
    </ClCompile>
    <ClCompile Include="..\Classes\Login\LoginLayer.cpp">
      <Filter>Classes\Login</Filter>
    </ClCompile>
    <ClCompile Include="..\Classes\Login\LoginScene.cpp">
      <Filter>Classes\Login</Filter>
    </ClCompile>
    <ClCompile Include="..\Classes\loading\LoadLayer.cpp">
      <Filter>Classes\loading</Filter>
    </ClCompile>
    <ClCompile Include="..\Classes\Common\KeyBoard.cpp">
      <Filter>Classes\Common</Filter>
    </ClCompile>
    <ClCompile Include="..\Classes\TipLayer.cpp">
      <Filter>Classes</Filter>
    </ClCompile>
    <ClCompile Include="..\Classes\TopTipLayer.cpp">
      <Filter>Classes</Filter>
    </ClCompile>
    <ClCompile Include="..\Classes\cc\Room.cpp">
      <Filter>Classes\cc</Filter>
    </ClCompile>
    <ClCompile Include="..\Classes\cc\RoomLogic.cpp">
      <Filter>Classes\cc</Filter>
    </ClCompile>
  </ItemGroup>
  <ItemGroup>
    <ClInclude Include="main.h">
      <Filter>win32</Filter>
    </ClInclude>
    <ClInclude Include="..\Classes\AppDelegate.h">
      <Filter>Classes</Filter>
    </ClInclude>
    <ClInclude Include="..\Classes\AppMacros.h">
      <Filter>Classes</Filter>
    </ClInclude>
    <ClInclude Include="..\Classes\Common\Adaptation.h">
      <Filter>Classes\Common</Filter>
    </ClInclude>
    <ClInclude Include="..\Classes\Common\XXIconv.h">
      <Filter>Classes\Common</Filter>
    </ClInclude>
    <ClInclude Include="..\Classes\Common\XXMacros.h">
      <Filter>Classes\Common</Filter>
    </ClInclude>
    <ClInclude Include="..\Classes\Common\GameDataSet.h">
      <Filter>Classes\Common</Filter>
    </ClInclude>
    <ClInclude Include="..\Classes\Common\EffectAnimation.h">
      <Filter>Classes\Common</Filter>
    </ClInclude>
    <ClInclude Include="..\Classes\network\XXHttpRequest.h">
      <Filter>Classes\network</Filter>
    </ClInclude>
    <ClInclude Include="..\Classes\Common\CDProgressTimer.h">
      <Filter>Classes\Common</Filter>
    </ClInclude>
    <ClInclude Include="..\Classes\netjson\json_batchallocator.h">
      <Filter>Classes\netjson</Filter>
    </ClInclude>
    <ClInclude Include="..\Classes\netjson\json_lib.h">
      <Filter>Classes\netjson</Filter>
    </ClInclude>
    <ClInclude Include="..\Classes\netjson\json_tool.h">
      <Filter>Classes\netjson</Filter>
    </ClInclude>
    <ClInclude Include="..\Classes\netjson\YMconfig.h">
      <Filter>Classes\netjson</Filter>
    </ClInclude>
    <ClInclude Include="..\Classes\netjson\YMEvent.h">
      <Filter>Classes\netjson</Filter>
    </ClInclude>
    <ClInclude Include="..\Classes\netjson\YMfeatures.h">
      <Filter>Classes\netjson</Filter>
    </ClInclude>
    <ClInclude Include="..\Classes\netjson\YMforwards.h">
      <Filter>Classes\netjson</Filter>
    </ClInclude>
    <ClInclude Include="..\Classes\netjson\YMreader.h">
      <Filter>Classes\netjson</Filter>
    </ClInclude>
    <ClInclude Include="..\Classes\netjson\YMSocketData.h">
      <Filter>Classes\netjson</Filter>
    </ClInclude>
    <ClInclude Include="..\Classes\netjson\YMSocketDataEvent.h">
      <Filter>Classes\netjson</Filter>
    </ClInclude>
    <ClInclude Include="..\Classes\netjson\YMSocketEvent.h">
      <Filter>Classes\netjson</Filter>
    </ClInclude>
    <ClInclude Include="..\Classes\netjson\YMvalue.h">
      <Filter>Classes\netjson</Filter>
    </ClInclude>
    <ClInclude Include="..\Classes\netjson\YMwriter.h">
      <Filter>Classes\netjson</Filter>
    </ClInclude>
    <ClInclude Include="..\Classes\Common\CircleMoveAction.h">
      <Filter>Classes\Common</Filter>
    </ClInclude>
    <ClInclude Include="..\Classes\Common\CommonData.h">
      <Filter>Classes\Common</Filter>
    </ClInclude>
    <ClInclude Include="..\Classes\Common\SpecialAction.h">
      <Filter>Classes\Common</Filter>
    </ClInclude>
    <ClInclude Include="..\Classes\Common\BaseLayer.h">
      <Filter>Classes\Common</Filter>
    </ClInclude>
    <ClInclude Include="..\Classes\Common\SpriteBlur.h">
      <Filter>Classes\Common</Filter>
    </ClInclude>
    <ClInclude Include="..\Classes\Common\MD55.h">
      <Filter>Classes\Common</Filter>
    </ClInclude>
    <ClInclude Include="..\Classes\cryptopp\aes.h">
      <Filter>Classes\cryptopp</Filter>
    </ClInclude>
    <ClInclude Include="..\Classes\cryptopp\crypto_utils.h">
      <Filter>Classes\cryptopp</Filter>
    </ClInclude>
    <ClInclude Include="..\Classes\cryptopp\crypto_wrapper.h">
      <Filter>Classes\cryptopp</Filter>
    </ClInclude>
    <ClInclude Include="..\Classes\cryptopp\fastest_csv_parser.h">
      <Filter>Classes\cryptopp</Filter>
    </ClInclude>
    <ClInclude Include="..\Classes\cryptopp\libb64.h">
      <Filter>Classes\cryptopp</Filter>
    </ClInclude>
    <ClInclude Include="..\Classes\cryptopp\mathext.h">
      <Filter>Classes\cryptopp</Filter>
    </ClInclude>
    <ClInclude Include="..\Classes\cryptopp\md5.h">
      <Filter>Classes\cryptopp</Filter>
    </ClInclude>
    <ClInclude Include="..\Classes\cryptopp\md6.h">
      <Filter>Classes\cryptopp</Filter>
    </ClInclude>
    <ClInclude Include="..\Classes\cryptopp\nsconv.h">
      <Filter>Classes\cryptopp</Filter>
    </ClInclude>
    <ClInclude Include="..\Classes\cryptopp\object_pool.h">
      <Filter>Classes\cryptopp</Filter>
    </ClInclude>
    <ClInclude Include="..\Classes\cryptopp\oslib.h">
      <Filter>Classes\cryptopp</Filter>
    </ClInclude>
    <ClInclude Include="..\Classes\cryptopp\politedef.h">
      <Filter>Classes\cryptopp</Filter>
    </ClInclude>
    <ClInclude Include="..\Classes\cryptopp\super_cast.h">
      <Filter>Classes\cryptopp</Filter>
    </ClInclude>
    <ClInclude Include="..\Classes\cryptopp\unreal_string.h">
      <Filter>Classes\cryptopp</Filter>
    </ClInclude>
    <ClInclude Include="..\Classes\cryptopp\xxbswap.h">
      <Filter>Classes\cryptopp</Filter>
    </ClInclude>
    <ClInclude Include="..\Classes\cryptopp\xxfree.h">
      <Filter>Classes\cryptopp</Filter>
    </ClInclude>
    <ClInclude Include="..\Classes\cryptopp\xxfsutility.h">
      <Filter>Classes\cryptopp</Filter>
    </ClInclude>
    <ClInclude Include="..\Classes\cc\Login.h">
      <Filter>Classes\cc</Filter>
    </ClInclude>
    <ClInclude Include="..\Classes\network\ccEvent.h">
      <Filter>Classes\network</Filter>
    </ClInclude>
    <ClInclude Include="..\Classes\network\ClientSocket.h">
      <Filter>Classes\network</Filter>
    </ClInclude>
    <ClInclude Include="..\Classes\network\TcpSocket.h">
      <Filter>Classes\network</Filter>
    </ClInclude>
    <ClInclude Include="..\Classes\network\XXEventDispatcher.h">
      <Filter>Classes\network</Filter>
    </ClInclude>
    <ClInclude Include="..\Classes\http\HttpInfo.h">
      <Filter>Classes\http</Filter>
    </ClInclude>
    <ClInclude Include="..\Classes\proto\LoginInfo.h">
      <Filter>Classes\proto</Filter>
    </ClInclude>
    <ClInclude Include="..\Classes\Common\Common.h">
      <Filter>Classes\Common</Filter>
    </ClInclude>
    <ClInclude Include="..\Classes\GameControl.h">
      <Filter>Classes</Filter>
    </ClInclude>
    <ClInclude Include="..\Classes\Main\MainLayer.h">
      <Filter>Classes\Main</Filter>
    </ClInclude>
    <ClInclude Include="..\Classes\Main\MainScene.h">
      <Filter>Classes\Main</Filter>
    </ClInclude>
    <ClInclude Include="..\Classes\Main\UserInfoLayer.h">
      <Filter>Classes\Main</Filter>
    </ClInclude>
    <ClInclude Include="..\Classes\Main\SetLayer.h">
      <Filter>Classes\Main</Filter>
    </ClInclude>
    <ClInclude Include="..\Classes\Main\ShopLayer.h">
      <Filter>Classes\Main</Filter>
    </ClInclude>
    <ClInclude Include="..\Classes\Main\RankItemLayer.h">
      <Filter>Classes\Main</Filter>
    </ClInclude>
    <ClInclude Include="..\Classes\cc\Hall.h">
      <Filter>Classes\cc</Filter>
    </ClInclude>
    <ClInclude Include="..\Classes\Main\SignLayer.h">
      <Filter>Classes\Main</Filter>
    </ClInclude>
    <ClInclude Include="..\Classes\Main\FriendLayer.h">
      <Filter>Classes\Main</Filter>
    </ClInclude>
    <ClInclude Include="..\Classes\Main\FankuiLayer.h">
      <Filter>Classes\Main</Filter>
    </ClInclude>
    <ClInclude Include="..\Classes\Main\FreeLayer.h">
      <Filter>Classes\Main</Filter>
    </ClInclude>
    <ClInclude Include="..\Classes\Main\ExchangeLayer.h">
      <Filter>Classes\Main</Filter>
    </ClInclude>
    <ClInclude Include="..\Classes\Main\TaskLayer.h">
      <Filter>Classes\Main</Filter>
    </ClInclude>
    <ClInclude Include="..\Classes\Main\MailLayer.h">
      <Filter>Classes\Main</Filter>
    </ClInclude>
    <ClInclude Include="..\Classes\Main\ActiveLayer.h">
      <Filter>Classes\Main</Filter>
    </ClInclude>
    <ClInclude Include="..\Classes\Main\FirstChargeLayer.h">
      <Filter>Classes\Main</Filter>
    </ClInclude>
    <ClInclude Include="..\Classes\Main\AboutLayer.h">
      <Filter>Classes\Main</Filter>
    </ClInclude>
    <ClInclude Include="..\Classes\Main\HelpLayer.h">
      <Filter>Classes\Main</Filter>
    </ClInclude>
    <ClInclude Include="..\Classes\cc\Vo.h">
      <Filter>Classes\cc</Filter>
    </ClInclude>
    <ClInclude Include="..\Classes\proto\HallInfo.h">
      <Filter>Classes\proto</Filter>
    </ClInclude>
    <ClInclude Include="..\Classes\Common\WebViewCommom.h">
      <Filter>Classes\Common</Filter>
    </ClInclude>
    <ClInclude Include="..\Classes\Main\ChatLayer.h">
      <Filter>Classes\Main</Filter>
    </ClInclude>
    <ClInclude Include="..\Classes\Main\MailTipLayer.h">
      <Filter>Classes\Main</Filter>
    </ClInclude>
    <ClInclude Include="..\Classes\Main\RewardTipLayer.h">
      <Filter>Classes\Main</Filter>
    </ClInclude>
    <ClInclude Include="..\Classes\Common\RootRegister.h">
      <Filter>Classes\Common</Filter>
    </ClInclude>
    <ClInclude Include="..\Classes\config\JsonRegisterConfig.h">
      <Filter>Classes\config</Filter>
    </ClInclude>
    <ClInclude Include="..\Classes\loading\LoadingLayer.h">
      <Filter>Classes\loading</Filter>
    </ClInclude>
    <ClInclude Include="..\Classes\Jni\YLJni.h">
      <Filter>Classes\Jni</Filter>
    </ClInclude>
    <ClInclude Include="..\Classes\proto\ConfigInfo.h">
      <Filter>Classes\proto</Filter>
    </ClInclude>
    <ClInclude Include="..\Classes\cc\ConfigProto.h">
      <Filter>Classes\cc</Filter>
    </ClInclude>
    <ClInclude Include="..\Classes\PhotoDown.h">
      <Filter>Classes</Filter>
    </ClInclude>
    <ClInclude Include="..\Classes\Room\CreateRoomLayer.h">
      <Filter>Classes\Room</Filter>
    </ClInclude>
    <ClInclude Include="..\Classes\Room\JoinRoomLayer.h">
      <Filter>Classes\Room</Filter>
    </ClInclude>
    <ClInclude Include="..\Classes\Room\GameHead.h">
      <Filter>Classes\Room</Filter>
    </ClInclude>
    <ClInclude Include="..\Classes\Room\GameUI.h">
      <Filter>Classes\Room</Filter>
    </ClInclude>
    <ClInclude Include="..\Classes\Room\MJGameLayer.h">
      <Filter>Classes\Room</Filter>
    </ClInclude>
    <ClInclude Include="..\Classes\Room\MJGameScene.h">
      <Filter>Classes\Room</Filter>
    </ClInclude>
    <ClInclude Include="..\Classes\Login\LoginLayer.h">
      <Filter>Classes\Login</Filter>
    </ClInclude>
    <ClInclude Include="..\Classes\Login\LoginScene.h">
      <Filter>Classes\Login</Filter>
    </ClInclude>
    <ClInclude Include="..\Classes\loading\LoadLayer.h">
      <Filter>Classes\loading</Filter>
    </ClInclude>
    <ClInclude Include="..\Classes\Common\KeyBoard.h">
      <Filter>Classes\Common</Filter>
    </ClInclude>
    <ClInclude Include="..\Classes\TipLayer.h">
      <Filter>Classes</Filter>
    </ClInclude>
    <ClInclude Include="..\Classes\TopTipLayer.h">
      <Filter>Classes</Filter>
    </ClInclude>
    <ClInclude Include="..\Classes\cc\Room.h">
      <Filter>Classes\cc</Filter>
    </ClInclude>
    <ClInclude Include="..\Classes\cc\RoomLogic.h">
      <Filter>Classes\cc</Filter>
    </ClInclude>
  </ItemGroup>
  <ItemGroup>
    <ResourceCompile Include="game.rc">
      <Filter>resource</Filter>
    </ResourceCompile>
  </ItemGroup>
  <ItemGroup>
    <None Include="..\Classes\netjson\json_internalarray.inl">
      <Filter>Classes\netjson</Filter>
    </None>
    <None Include="..\Classes\netjson\json_internalmap.inl">
      <Filter>Classes\netjson</Filter>
    </None>
    <None Include="..\Classes\netjson\json_valueiterator.inl">
      <Filter>Classes\netjson</Filter>
    </None>
  </ItemGroup>
</Project>